
Microsoft Visual Studio Solution File, Format Version 12.00
# Visual Studio Version 16
VisualStudioVersion = 16.0.29324.140
MinimumVisualStudioVersion = 10.0.40219.1
Project("{FAE04EC0-301F-11D3-BF4B-00C04F79EFBC}") = "ProductsAngular", "ProductsAngular\ProductsAngular.csproj", "{EF9AA2EB-8640-46FD-84D6-658DE0270D47}"
EndProject
Global
	GlobalSection(SolutionConfigurationPlatforms) = preSolution
		Debug|Any CPU = Debug|Any CPU
		Release|Any CPU = Release|Any CPU
	EndGlobalSection
	GlobalSection(ProjectConfigurationPlatforms) = postSolution
		{EF9AA2EB-8640-46FD-84D6-658DE0270D47}.Debug|Any CPU.ActiveCfg = Debug|Any CPU
		{EF9AA2EB-8640-46FD-84D6-658DE0270D47}.Debug|Any CPU.Build.0 = Debug|Any CPU
		{EF9AA2EB-8640-46FD-84D6-658DE0270D47}.Release|Any CPU.ActiveCfg = Release|Any CPU
		{EF9AA2EB-8640-46FD-84D6-658DE0270D47}.Release|Any CPU.Build.0 = Release|Any CPU
	EndGlobalSection
	GlobalSection(SolutionProperties) = preSolution
		HideSolutionNode = FALSE
	EndGlobalSection
	GlobalSection(ExtensibilityGlobals) = postSolution
		SolutionGuid = {67E11B3E-BF15-4221-B495-49E1626ED08D}
	EndGlobalSection
EndGlobal
